
Microsoft Visual Studio Solution File, Format Version 12.00
# Visual Studio Version 16
VisualStudioVersion = 16.0.31702.278
MinimumVisualStudioVersion = 10.0.40219.1
Project("{FAE04EC0-301F-11D3-BF4B-00C04F79EFBC}") = "Amiibopedia.Android", "Amiibopedia\Amiibopedia.Android\Amiibopedia.Android.csproj", "{B435DF0D-3B52-4F90-BAAC-42F7013D55F2}"
EndProject
Project("{FAE04EC0-301F-11D3-BF4B-00C04F79EFBC}") = "Amiibopedia.iOS", "Amiibopedia\Amiibopedia.iOS\Amiibopedia.iOS.csproj", "{625C176E-EA93-4D98-8AED-39B44FA0EC8F}"
EndProject
Project("{FAE04EC0-301F-11D3-BF4B-00C04F79EFBC}") = "Amiibopedia", "Amiibopedia\Amiibopedia\Amiibopedia.csproj", "{4C20F4E2-0054-4967-99C8-54CD8E597F9F}"
EndProject
Global
	GlobalSection(SolutionConfigurationPlatforms) = preSolution
		Debug|Any CPU = Debug|Any CPU
		Debug|iPhone = Debug|iPhone
		Debug|iPhoneSimulator = Debug|iPhoneSimulator
		Release|Any CPU = Release|Any CPU
		Release|iPhone = Release|iPhone
		Release|iPhoneSimulator = Release|iPhoneSimulator
	EndGlobalSection
	GlobalSection(ProjectConfigurationPlatforms) = postSolution
		{B435DF0D-3B52-4F90-BAAC-42F7013D55F2}.Debug|Any CPU.ActiveCfg = Debug|Any CPU
		{B435DF0D-3B52-4F90-BAAC-42F7013D55F2}.Debug|Any CPU.Build.0 = Debug|Any CPU
		{B435DF0D-3B52-4F90-BAAC-42F7013D55F2}.Debug|Any CPU.Deploy.0 = Debug|Any CPU
		{B435DF0D-3B52-4F90-BAAC-42F7013D55F2}.Debug|iPhone.ActiveCfg = Debug|Any CPU
		{B435DF0D-3B52-4F90-BAAC-42F7013D55F2}.Debug|iPhone.Build.0 = Debug|Any CPU
		{B435DF0D-3B52-4F90-BAAC-42F7013D55F2}.Debug|iPhone.Deploy.0 = Debug|Any CPU
		{B435DF0D-3B52-4F90-BAAC-42F7013D55F2}.Debug|iPhoneSimulator.ActiveCfg = Debug|Any CPU
		{B435DF0D-3B52-4F90-BAAC-42F7013D55F2}.Debug|iPhoneSimulator.Build.0 = Debug|Any CPU
		{B435DF0D-3B52-4F90-BAAC-42F7013D55F2}.Debug|iPhoneSimulator.Deploy.0 = Debug|Any CPU
		{B435DF0D-3B52-4F90-BAAC-42F7013D55F2}.Release|Any CPU.ActiveCfg = Release|Any CPU
		{B435DF0D-3B52-4F90-BAAC-42F7013D55F2}.Release|Any CPU.Build.0 = Release|Any CPU
		{B435DF0D-3B52-4F90-BAAC-42F7013D55F2}.Release|Any CPU.Deploy.0 = Release|Any CPU
		{B435DF0D-3B52-4F90-BAAC-42F7013D55F2}.Release|iPhone.ActiveCfg = Release|Any CPU
		{B435DF0D-3B52-4F90-BAAC-42F7013D55F2}.Release|iPhone.Build.0 = Release|Any CPU
		{B435DF0D-3B52-4F90-BAAC-42F7013D55F2}.Release|iPhone.Deploy.0 = Release|Any CPU
		{B435DF0D-3B52-4F90-BAAC-42F7013D55F2}.Release|iPhoneSimulator.ActiveCfg = Release|Any CPU
		{B435DF0D-3B52-4F90-BAAC-42F7013D55F2}.Release|iPhoneSimulator.Build.0 = Release|Any CPU
		{B435DF0D-3B52-4F90-BAAC-42F7013D55F2}.Release|iPhoneSimulator.Deploy.0 = Release|Any CPU
		{625C176E-EA93-4D98-8AED-39B44FA0EC8F}.Debug|Any CPU.ActiveCfg = Debug|iPhone
		{625C176E-EA93-4D98-8AED-39B44FA0EC8F}.Debug|Any CPU.Build.0 = Debug|iPhone
		{625C176E-EA93-4D98-8AED-39B44FA0EC8F}.Debug|Any CPU.Deploy.0 = Debug|iPhone
		{625C176E-EA93-4D98-8AED-39B44FA0EC8F}.Debug|iPhone.ActiveCfg = Debug|iPhone
		{625C176E-EA93-4D98-8AED-39B44FA0EC8F}.Debug|iPhone.Build.0 = Debug|iPhone
		{625C176E-EA93-4D98-8AED-39B44FA0EC8F}.Debug|iPhone.Deploy.0 = Debug|iPhone
		{625C176E-EA93-4D98-8AED-39B44FA0EC8F}.Debug|iPhoneSimulator.ActiveCfg = Debug|iPhoneSimulator
		{625C176E-EA93-4D98-8AED-39B44FA0EC8F}.Debug|iPhoneSimulator.Build.0 = Debug|iPhoneSimulator
		{625C176E-EA93-4D98-8AED-39B44FA0EC8F}.Debug|iPhoneSimulator.Deploy.0 = Debug|iPhoneSimulator
		{625C176E-EA93-4D98-8AED-39B44FA0EC8F}.Release|Any CPU.ActiveCfg = Release|iPhoneSimulator
		{625C176E-EA93-4D98-8AED-39B44FA0EC8F}.Release|Any CPU.Build.0 = Release|iPhoneSimulator
		{625C176E-EA93-4D98-8AED-39B44FA0EC8F}.Release|Any CPU.Deploy.0 = Release|iPhoneSimulator
		{625C176E-EA93-4D98-8AED-39B44FA0EC8F}.Release|iPhone.ActiveCfg = Release|iPhone
		{625C176E-EA93-4D98-8AED-39B44FA0EC8F}.Release|iPhone.Build.0 = Release|iPhone
		{625C176E-EA93-4D98-8AED-39B44FA0EC8F}.Release|iPhone.Deploy.0 = Release|iPhone
		{625C176E-EA93-4D98-8AED-39B44FA0EC8F}.Release|iPhoneSimulator.ActiveCfg = Release|iPhoneSimulator
		{625C176E-EA93-4D98-8AED-39B44FA0EC8F}.Release|iPhoneSimulator.Build.0 = Release|iPhoneSimulator
		{625C176E-EA93-4D98-8AED-39B44FA0EC8F}.Release|iPhoneSimulator.Deploy.0 = Release|iPhoneSimulator
		{4C20F4E2-0054-4967-99C8-54CD8E597F9F}.Debug|Any CPU.ActiveCfg = Debug|Any CPU
		{4C20F4E2-0054-4967-99C8-54CD8E597F9F}.Debug|Any CPU.Build.0 = Debug|Any CPU
		{4C20F4E2-0054-4967-99C8-54CD8E597F9F}.Debug|Any CPU.Deploy.0 = Debug|Any CPU
		{4C20F4E2-0054-4967-99C8-54CD8E597F9F}.Debug|iPhone.ActiveCfg = Debug|Any CPU
		{4C20F4E2-0054-4967-99C8-54CD8E597F9F}.Debug|iPhone.Build.0 = Debug|Any CPU
		{4C20F4E2-0054-4967-99C8-54CD8E597F9F}.Debug|iPhone.Deploy.0 = Debug|Any CPU
		{4C20F4E2-0054-4967-99C8-54CD8E597F9F}.Debug|iPhoneSimulator.ActiveCfg = Debug|Any CPU
		{4C20F4E2-0054-4967-99C8-54CD8E597F9F}.Debug|iPhoneSimulator.Build.0 = Debug|Any CPU
		{4C20F4E2-0054-4967-99C8-54CD8E597F9F}.Debug|iPhoneSimulator.Deploy.0 = Debug|Any CPU
		{4C20F4E2-0054-4967-99C8-54CD8E597F9F}.Release|Any CPU.ActiveCfg = Release|Any CPU
		{4C20F4E2-0054-4967-99C8-54CD8E597F9F}.Release|Any CPU.Build.0 = Release|Any CPU
		{4C20F4E2-0054-4967-99C8-54CD8E597F9F}.Release|Any CPU.Deploy.0 = Release|Any CPU
		{4C20F4E2-0054-4967-99C8-54CD8E597F9F}.Release|iPhone.ActiveCfg = Release|Any CPU
		{4C20F4E2-0054-4967-99C8-54CD8E597F9F}.Release|iPhone.Build.0 = Release|Any CPU
		{4C20F4E2-0054-4967-99C8-54CD8E597F9F}.Release|iPhone.Deploy.0 = Release|Any CPU
		{4C20F4E2-0054-4967-99C8-54CD8E597F9F}.Release|iPhoneSimulator.ActiveCfg = Release|Any CPU
		{4C20F4E2-0054-4967-99C8-54CD8E597F9F}.Release|iPhoneSimulator.Build.0 = Release|Any CPU
		{4C20F4E2-0054-4967-99C8-54CD8E597F9F}.Release|iPhoneSimulator.Deploy.0 = Release|Any CPU
	EndGlobalSection
	GlobalSection(SolutionProperties) = preSolution
		HideSolutionNode = FALSE
	EndGlobalSection
	GlobalSection(ExtensibilityGlobals) = postSolution
		SolutionGuid = {E29CF1CC-246F-411E-A893-3356BD82BF8B}
	EndGlobalSection
EndGlobal
